
Microsoft Visual Studio Solution File, Format Version 12.00
# Visual Studio Version 17
VisualStudioVersion = 17.1.32210.238
MinimumVisualStudioVersion = 10.0.40219.1
Project("{FAE04EC0-301F-11D3-BF4B-00C04F79EFBC}") = "HotelListing.API", "HotelListing.API\HotelListing.API.csproj", "{320918BC-7020-4883-8A68-A8CACAA8E16B}"
EndProject
Project("{FAE04EC0-301F-11D3-BF4B-00C04F79EFBC}") = "HotelListing.API.NET5", "HotelListing.API.NET5\HotelListing.API.NET5.csproj", "{424475FF-D35C-4B10-9FFF-5282A8E9B458}"
EndProject
Project("{FAE04EC0-301F-11D3-BF4B-00C04F79EFBC}") = "HotelListing.MinimalAPI", "HotelListing.MinimalAPI\HotelListing.MinimalAPI.csproj", "{F9ECDD2D-3D5C-4A17-82EC-C18E1E47149A}"
EndProject
Global
	GlobalSection(SolutionConfigurationPlatforms) = preSolution
		Debug|Any CPU = Debug|Any CPU
		Release|Any CPU = Release|Any CPU
	EndGlobalSection
	GlobalSection(ProjectConfigurationPlatforms) = postSolution
		{320918BC-7020-4883-8A68-A8CACAA8E16B}.Debug|Any CPU.ActiveCfg = Debug|Any CPU
		{320918BC-7020-4883-8A68-A8CACAA8E16B}.Debug|Any CPU.Build.0 = Debug|Any CPU
		{320918BC-7020-4883-8A68-A8CACAA8E16B}.Release|Any CPU.ActiveCfg = Release|Any CPU
		{320918BC-7020-4883-8A68-A8CACAA8E16B}.Release|Any CPU.Build.0 = Release|Any CPU
		{424475FF-D35C-4B10-9FFF-5282A8E9B458}.Debug|Any CPU.ActiveCfg = Debug|Any CPU
		{424475FF-D35C-4B10-9FFF-5282A8E9B458}.Debug|Any CPU.Build.0 = Debug|Any CPU
		{424475FF-D35C-4B10-9FFF-5282A8E9B458}.Release|Any CPU.ActiveCfg = Release|Any CPU
		{424475FF-D35C-4B10-9FFF-5282A8E9B458}.Release|Any CPU.Build.0 = Release|Any CPU
		{F9ECDD2D-3D5C-4A17-82EC-C18E1E47149A}.Debug|Any CPU.ActiveCfg = Debug|Any CPU
		{F9ECDD2D-3D5C-4A17-82EC-C18E1E47149A}.Debug|Any CPU.Build.0 = Debug|Any CPU
		{F9ECDD2D-3D5C-4A17-82EC-C18E1E47149A}.Release|Any CPU.ActiveCfg = Release|Any CPU
		{F9ECDD2D-3D5C-4A17-82EC-C18E1E47149A}.Release|Any CPU.Build.0 = Release|Any CPU
	EndGlobalSection
	GlobalSection(SolutionProperties) = preSolution
		HideSolutionNode = FALSE
	EndGlobalSection
	GlobalSection(ExtensibilityGlobals) = postSolution
		SolutionGuid = {A2CCEE25-806F-4AAD-BA65-921885FC55BA}
	EndGlobalSection
EndGlobal
